
Microsoft Visual Studio Solution File, Format Version 12.00
# Visual Studio Version 16
VisualStudioVersion = 16.0.31105.61
MinimumVisualStudioVersion = 10.0.40219.1
Project("{FAE04EC0-301F-11D3-BF4B-00C04F79EFBC}") = "appEtlPrescripcion", "appEtlPrescripcion\appEtlPrescripcion.csproj", "{36BB38E6-3D2D-44A4-A512-5D7CBE15B0A1}"
EndProject
Project("{FAE04EC0-301F-11D3-BF4B-00C04F79EFBC}") = "CapaDatos", "CapaDatos\CapaDatos.csproj", "{DEEB4D0C-8A26-4477-BAD0-6062D025C333}"
EndProject
Project("{FAE04EC0-301F-11D3-BF4B-00C04F79EFBC}") = "Entities", "Entities\Entities.csproj", "{2F1415D0-BA00-473F-8531-E09106B99548}"
EndProject
Global
	GlobalSection(SolutionConfigurationPlatforms) = preSolution
		Debug|Any CPU = Debug|Any CPU
		Release|Any CPU = Release|Any CPU
	EndGlobalSection
	GlobalSection(ProjectConfigurationPlatforms) = postSolution
		{36BB38E6-3D2D-44A4-A512-5D7CBE15B0A1}.Debug|Any CPU.ActiveCfg = Debug|Any CPU
		{36BB38E6-3D2D-44A4-A512-5D7CBE15B0A1}.Debug|Any CPU.Build.0 = Debug|Any CPU
		{36BB38E6-3D2D-44A4-A512-5D7CBE15B0A1}.Release|Any CPU.ActiveCfg = Release|Any CPU
		{36BB38E6-3D2D-44A4-A512-5D7CBE15B0A1}.Release|Any CPU.Build.0 = Release|Any CPU
		{DEEB4D0C-8A26-4477-BAD0-6062D025C333}.Debug|Any CPU.ActiveCfg = Debug|Any CPU
		{DEEB4D0C-8A26-4477-BAD0-6062D025C333}.Debug|Any CPU.Build.0 = Debug|Any CPU
		{DEEB4D0C-8A26-4477-BAD0-6062D025C333}.Release|Any CPU.ActiveCfg = Release|Any CPU
		{DEEB4D0C-8A26-4477-BAD0-6062D025C333}.Release|Any CPU.Build.0 = Release|Any CPU
		{2F1415D0-BA00-473F-8531-E09106B99548}.Debug|Any CPU.ActiveCfg = Debug|Any CPU
		{2F1415D0-BA00-473F-8531-E09106B99548}.Debug|Any CPU.Build.0 = Debug|Any CPU
		{2F1415D0-BA00-473F-8531-E09106B99548}.Release|Any CPU.ActiveCfg = Release|Any CPU
		{2F1415D0-BA00-473F-8531-E09106B99548}.Release|Any CPU.Build.0 = Release|Any CPU
	EndGlobalSection
	GlobalSection(SolutionProperties) = preSolution
		HideSolutionNode = FALSE
	EndGlobalSection
	GlobalSection(ExtensibilityGlobals) = postSolution
		SolutionGuid = {78882069-4A00-43CA-AD42-49105AEC0C00}
	EndGlobalSection
EndGlobal
